
Microsoft Visual Studio Solution File, Format Version 12.00
# Visual Studio Version 17
VisualStudioVersion = 17.9.34616.47
MinimumVisualStudioVersion = 10.0.40219.1
Project("{FAE04EC0-301F-11D3-BF4B-00C04F79EFBC}") = "hidden file", "hidden file\hidden file.csproj", "{7204CF62-4054-488F-8F4D-3FD79A94A408}"
EndProject
Global
	GlobalSection(SolutionConfigurationPlatforms) = preSolution
		Debug|Any CPU = Debug|Any CPU
		Release|Any CPU = Release|Any CPU
	EndGlobalSection
	GlobalSection(ProjectConfigurationPlatforms) = postSolution
		{7204CF62-4054-488F-8F4D-3FD79A94A408}.Debug|Any CPU.ActiveCfg = Debug|Any CPU
		{7204CF62-4054-488F-8F4D-3FD79A94A408}.Debug|Any CPU.Build.0 = Debug|Any CPU
		{7204CF62-4054-488F-8F4D-3FD79A94A408}.Release|Any CPU.ActiveCfg = Release|Any CPU
		{7204CF62-4054-488F-8F4D-3FD79A94A408}.Release|Any CPU.Build.0 = Release|Any CPU
	EndGlobalSection
	GlobalSection(SolutionProperties) = preSolution
		HideSolutionNode = FALSE
	EndGlobalSection
	GlobalSection(ExtensibilityGlobals) = postSolution
		SolutionGuid = {EF8B1E82-A776-4B12-A737-48B4445422B2}
	EndGlobalSection
EndGlobal
